
Microsoft Visual Studio Solution File, Format Version 12.00
# Visual Studio Version 16
VisualStudioVersion = 16.0.29806.167
MinimumVisualStudioVersion = 10.0.40219.1
Project("{FAE04EC0-301F-11D3-BF4B-00C04F79EFBC}") = "BoardF", "BoardF\BoardF.csproj", "{A1C4D797-63F6-4290-879E-67BA59D35592}"
EndProject
Project("{FAE04EC0-301F-11D3-BF4B-00C04F79EFBC}") = "BoardFTests", "BoardFTests\BoardFTests.csproj", "{047343F7-EC59-474B-9BA2-77D6A654B12A}"
EndProject
Global
	GlobalSection(SolutionConfigurationPlatforms) = preSolution
		Debug|Any CPU = Debug|Any CPU
		Release|Any CPU = Release|Any CPU
	EndGlobalSection
	GlobalSection(ProjectConfigurationPlatforms) = postSolution
		{A1C4D797-63F6-4290-879E-67BA59D35592}.Debug|Any CPU.ActiveCfg = Debug|Any CPU
		{A1C4D797-63F6-4290-879E-67BA59D35592}.Debug|Any CPU.Build.0 = Debug|Any CPU
		{A1C4D797-63F6-4290-879E-67BA59D35592}.Release|Any CPU.ActiveCfg = Release|Any CPU
		{A1C4D797-63F6-4290-879E-67BA59D35592}.Release|Any CPU.Build.0 = Release|Any CPU
		{047343F7-EC59-474B-9BA2-77D6A654B12A}.Debug|Any CPU.ActiveCfg = Debug|Any CPU
		{047343F7-EC59-474B-9BA2-77D6A654B12A}.Debug|Any CPU.Build.0 = Debug|Any CPU
		{047343F7-EC59-474B-9BA2-77D6A654B12A}.Release|Any CPU.ActiveCfg = Release|Any CPU
		{047343F7-EC59-474B-9BA2-77D6A654B12A}.Release|Any CPU.Build.0 = Release|Any CPU
	EndGlobalSection
	GlobalSection(SolutionProperties) = preSolution
		HideSolutionNode = FALSE
	EndGlobalSection
	GlobalSection(ExtensibilityGlobals) = postSolution
		SolutionGuid = {03D3B926-ACAC-462A-B43B-03EA7D811FB5}
	EndGlobalSection
EndGlobal
